// !$*UTF8*$!
{
	archiveVersion = 1;
	classes = {
	};
	objectVersion = 56;
	objects = {

/* Begin PBXBuildFile section */
		CC2441812AA7104900313DC6 /* SwiftUIIntrospect in Frameworks */ = {isa = PBXBuildFile; productRef = CC2441802AA7104900313DC6 /* SwiftUIIntrospect */; };
		CC2441842AA7166100313DC6 /* Starscream in Frameworks */ = {isa = PBXBuildFile; productRef = CC2441832AA7166100313DC6 /* Starscream */; };
		CC2441872AA716A000313DC6 /* Alamofire in Frameworks */ = {isa = PBXBuildFile; productRef = CC2441862AA716A000313DC6 /* Alamofire */; };
		CC2925C82AA85BE300994683 /* DataWrapper.swift in Sources */ = {isa = PBXBuildFile; fileRef = CC2925C72AA85BE300994683 /* DataWrapper.swift */; };
		CC2925CA2AA8830400994683 /* SendMessageData.swift in Sources */ = {isa = PBXBuildFile; fileRef = CC2925C92AA8830400994683 /* SendMessageData.swift */; };
		CC2925CC2AA8846F00994683 /* ReceiveMessageData.swift in Sources */ = {isa = PBXBuildFile; fileRef = CC2925CB2AA8846F00994683 /* ReceiveMessageData.swift */; };
		CCF38D1D2AA6FB32002033F6 /* ChatUIApp.swift in Sources */ = {isa = PBXBuildFile; fileRef = CCF38D1C2AA6FB32002033F6 /* ChatUIApp.swift */; };
		CCF38D1F2AA6FB32002033F6 /* ContentView.swift in Sources */ = {isa = PBXBuildFile; fileRef = CCF38D1E2AA6FB32002033F6 /* ContentView.swift */; };
		CCF38D212AA6FB34002033F6 /* Assets.xcassets in Resources */ = {isa = PBXBuildFile; fileRef = CCF38D202AA6FB34002033F6 /* Assets.xcassets */; };
		CCF38D242AA6FB34002033F6 /* Preview Assets.xcassets in Resources */ = {isa = PBXBuildFile; fileRef = CCF38D232AA6FB34002033F6 /* Preview Assets.xcassets */; };
		CCF38D2B2AA6FB53002033F6 /* TherapySessionViewModel.swift in Sources */ = {isa = PBXBuildFile; fileRef = CCF38D2A2AA6FB52002033F6 /* TherapySessionViewModel.swift */; };
		CCF38D302AA70625002033F6 /* RiveAnimationView.swift in Sources */ = {isa = PBXBuildFile; fileRef = CCF38D2F2AA70625002033F6 /* RiveAnimationView.swift */; };
/* End PBXBuildFile section */

/* Begin PBXFileReference section */
		CC2925C72AA85BE300994683 /* DataWrapper.swift */ = {isa = PBXFileReference; lastKnownFileType = sourcecode.swift; path = DataWrapper.swift; sourceTree = "<group>"; };
		CC2925C92AA8830400994683 /* SendMessageData.swift */ = {isa = PBXFileReference; lastKnownFileType = sourcecode.swift; path = SendMessageData.swift; sourceTree = "<group>"; };
		CC2925CB2AA8846F00994683 /* ReceiveMessageData.swift */ = {isa = PBXFileReference; lastKnownFileType = sourcecode.swift; path = ReceiveMessageData.swift; sourceTree = "<group>"; };
		CCF38D192AA6FB32002033F6 /* ChatUI.app */ = {isa = PBXFileReference; explicitFileType = wrapper.application; includeInIndex = 0; path = ChatUI.app; sourceTree = BUILT_PRODUCTS_DIR; };
		CCF38D1C2AA6FB32002033F6 /* ChatUIApp.swift */ = {isa = PBXFileReference; lastKnownFileType = sourcecode.swift; path = ChatUIApp.swift; sourceTree = "<group>"; };
		CCF38D1E2AA6FB32002033F6 /* ContentView.swift */ = {isa = PBXFileReference; lastKnownFileType = sourcecode.swift; path = ContentView.swift; sourceTree = "<group>"; };
		CCF38D202AA6FB34002033F6 /* Assets.xcassets */ = {isa = PBXFileReference; lastKnownFileType = folder.assetcatalog; path = Assets.xcassets; sourceTree = "<group>"; };
		CCF38D232AA6FB34002033F6 /* Preview Assets.xcassets */ = {isa = PBXFileReference; lastKnownFileType = folder.assetcatalog; path = "Preview Assets.xcassets"; sourceTree = "<group>"; };
		CCF38D2A2AA6FB52002033F6 /* TherapySessionViewModel.swift */ = {isa = PBXFileReference; lastKnownFileType = sourcecode.swift; path = TherapySessionViewModel.swift; sourceTree = "<group>"; };
		CCF38D2F2AA70625002033F6 /* RiveAnimationView.swift */ = {isa = PBXFileReference; lastKnownFileType = sourcecode.swift; path = RiveAnimationView.swift; sourceTree = "<group>"; };
/* End PBXFileReference section */

/* Begin PBXFrameworksBuildPhase section */
		CCF38D162AA6FB32002033F6 /* Frameworks */ = {
			isa = PBXFrameworksBuildPhase;
			buildActionMask = 2147483647;
			files = (
				CC2441872AA716A000313DC6 /* Alamofire in Frameworks */,
				CC2441812AA7104900313DC6 /* SwiftUIIntrospect in Frameworks */,
				CC2441842AA7166100313DC6 /* Starscream in Frameworks */,
			);
			runOnlyForDeploymentPostprocessing = 0;
		};
/* End PBXFrameworksBuildPhase section */

/* Begin PBXGroup section */
		CCF38D102AA6FB32002033F6 = {
			isa = PBXGroup;
			children = (
				CCF38D1B2AA6FB32002033F6 /* ChatUI */,
				CCF38D1A2AA6FB32002033F6 /* Products */,
			);
			sourceTree = "<group>";
		};
		CCF38D1A2AA6FB32002033F6 /* Products */ = {
			isa = PBXGroup;
			children = (
				CCF38D192AA6FB32002033F6 /* ChatUI.app */,
			);
			name = Products;
			sourceTree = "<group>";
		};
		CCF38D1B2AA6FB32002033F6 /* ChatUI */ = {
			isa = PBXGroup;
			children = (
				CCF38D1C2AA6FB32002033F6 /* ChatUIApp.swift */,
				CCF38D2A2AA6FB52002033F6 /* TherapySessionViewModel.swift */,
				CCF38D1E2AA6FB32002033F6 /* ContentView.swift */,
				CCF38D202AA6FB34002033F6 /* Assets.xcassets */,
				CCF38D222AA6FB34002033F6 /* Preview Content */,
				CCF38D2F2AA70625002033F6 /* RiveAnimationView.swift */,
				CC2925C72AA85BE300994683 /* DataWrapper.swift */,
				CC2925C92AA8830400994683 /* SendMessageData.swift */,
				CC2925CB2AA8846F00994683 /* ReceiveMessageData.swift */,
			);
			path = ChatUI;
			sourceTree = "<group>";
		};
		CCF38D222AA6FB34002033F6 /* Preview Content */ = {
			isa = PBXGroup;
			children = (
				CCF38D232AA6FB34002033F6 /* Preview Assets.xcassets */,
			);
			path = "Preview Content";
			sourceTree = "<group>";
		};
/* End PBXGroup section */

/* Begin PBXNativeTarget section */
		CCF38D182AA6FB32002033F6 /* ChatUI */ = {
			isa = PBXNativeTarget;
			buildConfigurationList = CCF38D272AA6FB34002033F6 /* Build configuration list for PBXNativeTarget "ChatUI" */;
			buildPhases = (
				CCF38D152AA6FB32002033F6 /* Sources */,
				CCF38D162AA6FB32002033F6 /* Frameworks */,
				CCF38D172AA6FB32002033F6 /* Resources */,
			);
			buildRules = (
			);
			dependencies = (
			);
			name = ChatUI;
			packageProductDependencies = (
				CC2441802AA7104900313DC6 /* SwiftUIIntrospect */,
				CC2441832AA7166100313DC6 /* Starscream */,
				CC2441862AA716A000313DC6 /* Alamofire */,
			);
			productName = ChatUI;
			productReference = CCF38D192AA6FB32002033F6 /* ChatUI.app */;
			productType = "com.apple.product-type.application";
		};
/* End PBXNativeTarget section */

/* Begin PBXProject section */
		CCF38D112AA6FB32002033F6 /* Project object */ = {
			isa = PBXProject;
			attributes = {
				BuildIndependentTargetsInParallel = 1;
				LastSwiftUpdateCheck = 1430;
				LastUpgradeCheck = 1430;
				TargetAttributes = {
					CCF38D182AA6FB32002033F6 = {
						CreatedOnToolsVersion = 14.3.1;
					};
				};
			};
			buildConfigurationList = CCF38D142AA6FB32002033F6 /* Build configuration list for PBXProject "ChatUI" */;
			compatibilityVersion = "Xcode 14.0";
			developmentRegion = en;
			hasScannedForEncodings = 0;
			knownRegions = (
				en,
				Base,
			);
			mainGroup = CCF38D102AA6FB32002033F6;
			packageReferences = (
				CC24417F2AA7104900313DC6 /* XCRemoteSwiftPackageReference "SwiftUI-Introspect" */,
				CC2441822AA7166100313DC6 /* XCRemoteSwiftPackageReference "Starscream" */,
				CC2441852AA716A000313DC6 /* XCRemoteSwiftPackageReference "Alamofire" */,
			);
			productRefGroup = CCF38D1A2AA6FB32002033F6 /* Products */;
			projectDirPath = "";
			projectRoot = "";
			targets = (
				CCF38D182AA6FB32002033F6 /* ChatUI */,
			);
		};
/* End PBXProject section */

/* Begin PBXResourcesBuildPhase section */
		CCF38D172AA6FB32002033F6 /* Resources */ = {
			isa = PBXResourcesBuildPhase;
			buildActionMask = 2147483647;
			files = (
				CCF38D242AA6FB34002033F6 /* Preview Assets.xcassets in Resources */,
				CCF38D212AA6FB34002033F6 /* Assets.xcassets in Resources */,
			);
			runOnlyForDeploymentPostprocessing = 0;
		};
/* End PBXResourcesBuildPhase section */

/* Begin PBXSourcesBuildPhase section */
		CCF38D152AA6FB32002033F6 /* Sources */ = {
			isa = PBXSourcesBuildPhase;
			buildActionMask = 2147483647;
			files = (
				CC2925C82AA85BE300994683 /* DataWrapper.swift in Sources */,
				CC2925CA2AA8830400994683 /* SendMessageData.swift in Sources */,
				CCF38D1F2AA6FB32002033F6 /* ContentView.swift in Sources */,
				CCF38D2B2AA6FB53002033F6 /* TherapySessionViewModel.swift in Sources */,
				CCF38D1D2AA6FB32002033F6 /* ChatUIApp.swift in Sources */,
				CC2925CC2AA8846F00994683 /* ReceiveMessageData.swift in Sources */,
				CCF38D302AA70625002033F6 /* RiveAnimationView.swift in Sources */,
			);
			runOnlyForDeploymentPostprocessing = 0;
		};
/* End PBXSourcesBuildPhase section */

/* Begin XCBuildConfiguration section */
		CCF38D252AA6FB34002033F6 /* Debug */ = {
			isa = XCBuildConfiguration;
			buildSettings = {
				ALWAYS_SEARCH_USER_PATHS = NO;
				CLANG_ANALYZER_NONNULL = YES;
				CLANG_ANALYZER_NUMBER_OBJECT_CONVERSION = YES_AGGRESSIVE;
				CLANG_CXX_LANGUAGE_STANDARD = "gnu++20";
				CLANG_ENABLE_MODULES = YES;
				CLANG_ENABLE_OBJC_ARC = YES;
				CLANG_ENABLE_OBJC_WEAK = YES;
				CLANG_WARN_BLOCK_CAPTURE_AUTORELEASING = YES;
				CLANG_WARN_BOOL_CONVERSION = YES;
				CLANG_WARN_COMMA = YES;
				CLANG_WARN_CONSTANT_CONVERSION = YES;
				CLANG_WARN_DEPRECATED_OBJC_IMPLEMENTATIONS = YES;
				CLANG_WARN_DIRECT_OBJC_ISA_USAGE = YES_ERROR;
				CLANG_WARN_DOCUMENTATION_COMMENTS = YES;
				CLANG_WARN_EMPTY_BODY = YES;
				CLANG_WARN_ENUM_CONVERSION = YES;
				CLANG_WARN_INFINITE_RECURSION = YES;
				CLANG_WARN_INT_CONVERSION = YES;
				CLANG_WARN_NON_LITERAL_NULL_CONVERSION = YES;
				CLANG_WARN_OBJC_IMPLICIT_RETAIN_SELF = YES;
				CLANG_WARN_OBJC_LITERAL_CONVERSION = YES;
				CLANG_WARN_OBJC_ROOT_CLASS = YES_ERROR;
				CLANG_WARN_QUOTED_INCLUDE_IN_FRAMEWORK_HEADER = YES;
				CLANG_WARN_RANGE_LOOP_ANALYSIS = YES;
				CLANG_WARN_STRICT_PROTOTYPES = YES;
				CLANG_WARN_SUSPICIOUS_MOVE = YES;
				CLANG_WARN_UNGUARDED_AVAILABILITY = YES_AGGRESSIVE;
				CLANG_WARN_UNREACHABLE_CODE = YES;
				CLANG_WARN__DUPLICATE_METHOD_MATCH = YES;
				COPY_PHASE_STRIP = NO;
				DEBUG_INFORMATION_FORMAT = dwarf;
				ENABLE_STRICT_OBJC_MSGSEND = YES;
				ENABLE_TESTABILITY = YES;
				GCC_C_LANGUAGE_STANDARD = gnu11;
				GCC_DYNAMIC_NO_PIC = NO;
				GCC_NO_COMMON_BLOCKS = YES;
				GCC_OPTIMIZATION_LEVEL = 0;
				GCC_PREPROCESSOR_DEFINITIONS = (
					"DEBUG=1",
					"$(inherited)",
				);
				GCC_WARN_64_TO_32_BIT_CONVERSION = YES;
				GCC_WARN_ABOUT_RETURN_TYPE = YES_ERROR;
				GCC_WARN_UNDECLARED_SELECTOR = YES;
				GCC_WARN_UNINITIALIZED_AUTOS = YES_AGGRESSIVE;
				GCC_WARN_UNUSED_FUNCTION = YES;
				GCC_WARN_UNUSED_VARIABLE = YES;
				IPHONEOS_DEPLOYMENT_TARGET = 15.0;
				MTL_ENABLE_DEBUG_INFO = INCLUDE_SOURCE;
				MTL_FAST_MATH = YES;
				ONLY_ACTIVE_ARCH = YES;
				SDKROOT = iphoneos;
				SWIFT_ACTIVE_COMPILATION_CONDITIONS = DEBUG;
				SWIFT_OPTIMIZATION_LEVEL = "-Onone";
			};
			name = Debug;
		};
		CCF38D262AA6FB34002033F6 /* Release */ = {
			isa = XCBuildConfiguration;
			buildSettings = {
				ALWAYS_SEARCH_USER_PATHS = NO;
				CLANG_ANALYZER_NONNULL = YES;
				CLANG_ANALYZER_NUMBER_OBJECT_CONVERSION = YES_AGGRESSIVE;
				CLANG_CXX_LANGUAGE_STANDARD = "gnu++20";
				CLANG_ENABLE_MODULES = YES;
				CLANG_ENABLE_OBJC_ARC = YES;
				CLANG_ENABLE_OBJC_WEAK = YES;
				CLANG_WARN_BLOCK_CAPTURE_AUTORELEASING = YES;
				CLANG_WARN_BOOL_CONVERSION = YES;
				CLANG_WARN_COMMA = YES;
				CLANG_WARN_CONSTANT_CONVERSION = YES;
				CLANG_WARN_DEPRECATED_OBJC_IMPLEMENTATIONS = YES;
				CLANG_WARN_DIRECT_OBJC_ISA_USAGE = YES_ERROR;
				CLANG_WARN_DOCUMENTATION_COMMENTS = YES;
				CLANG_WARN_EMPTY_BODY = YES;
				CLANG_WARN_ENUM_CONVERSION = YES;
				CLANG_WARN_INFINITE_RECURSION = YES;
				CLANG_WARN_INT_CONVERSION = YES;
				CLANG_WARN_NON_LITERAL_NULL_CONVERSION = YES;
				CLANG_WARN_OBJC_IMPLICIT_RETAIN_SELF = YES;
				CLANG_WARN_OBJC_LITERAL_CONVERSION = YES;
				CLANG_WARN_OBJC_ROOT_CLASS = YES_ERROR;
				CLANG_WARN_QUOTED_INCLUDE_IN_FRAMEWORK_HEADER = YES;
				CLANG_WARN_RANGE_LOOP_ANALYSIS = YES;
				CLANG_WARN_STRICT_PROTOTYPES = YES;
				CLANG_WARN_SUSPICIOUS_MOVE = YES;
				CLANG_WARN_UNGUARDED_AVAILABILITY = YES_AGGRESSIVE;
				CLANG_WARN_UNREACHABLE_CODE = YES;
				CLANG_WARN__DUPLICATE_METHOD_MATCH = YES;
				COPY_PHASE_STRIP = NO;
				DEBUG_INFORMATION_FORMAT = "dwarf-with-dsym";
				ENABLE_NS_ASSERTIONS = NO;
				ENABLE_STRICT_OBJC_MSGSEND = YES;
				GCC_C_LANGUAGE_STANDARD = gnu11;
				GCC_NO_COMMON_BLOCKS = YES;
				GCC_WARN_64_TO_32_BIT_CONVERSION = YES;
				GCC_WARN_ABOUT_RETURN_TYPE = YES_ERROR;
				GCC_WARN_UNDECLARED_SELECTOR = YES;
				GCC_WARN_UNINITIALIZED_AUTOS = YES_AGGRESSIVE;
				GCC_WARN_UNUSED_FUNCTION = YES;
				GCC_WARN_UNUSED_VARIABLE = YES;
				IPHONEOS_DEPLOYMENT_TARGET = 15.0;
				MTL_ENABLE_DEBUG_INFO = NO;
				MTL_FAST_MATH = YES;
				SDKROOT = iphoneos;
				SWIFT_COMPILATION_MODE = wholemodule;
				SWIFT_OPTIMIZATION_LEVEL = "-O";
				VALIDATE_PRODUCT = YES;
			};
			name = Release;
		};
		CCF38D282AA6FB34002033F6 /* Debug */ = {
			isa = XCBuildConfiguration;
			buildSettings = {
				ASSETCATALOG_COMPILER_APPICON_NAME = AppIcon;
				ASSETCATALOG_COMPILER_GLOBAL_ACCENT_COLOR_NAME = AccentColor;
				CODE_SIGN_STYLE = Automatic;
				CURRENT_PROJECT_VERSION = 1;
				DEVELOPMENT_ASSET_PATHS = "\"ChatUI/Preview Content\"";
				DEVELOPMENT_TEAM = 7C9772Q56V;
				ENABLE_PREVIEWS = YES;
				GENERATE_INFOPLIST_FILE = YES;
				INFOPLIST_KEY_UIApplicationSceneManifest_Generation = YES;
				INFOPLIST_KEY_UIApplicationSupportsIndirectInputEvents = YES;
				INFOPLIST_KEY_UILaunchScreen_Generation = YES;
				INFOPLIST_KEY_UISupportedInterfaceOrientations_iPad = "UIInterfaceOrientationPortrait UIInterfaceOrientationPortraitUpsideDown UIInterfaceOrientationLandscapeLeft UIInterfaceOrientationLandscapeRight";
				INFOPLIST_KEY_UISupportedInterfaceOrientations_iPhone = "UIInterfaceOrientationPortrait UIInterfaceOrientationLandscapeLeft UIInterfaceOrientationLandscapeRight";
				IPHONEOS_DEPLOYMENT_TARGET = 15.0;
				LD_RUNPATH_SEARCH_PATHS = (
					"$(inherited)",
					"@executable_path/Frameworks",
				);
				MARKETING_VERSION = 1.0;
				PRODUCT_BUNDLE_IDENTIFIER = com.hsb9kr.ChatUI;
				PRODUCT_NAME = "$(TARGET_NAME)";
				SWIFT_EMIT_LOC_STRINGS = YES;
				SWIFT_VERSION = 5.0;
				TARGETED_DEVICE_FAMILY = "1,2";
			};
			name = Debug;
		};
		CCF38D292AA6FB34002033F6 /* Release */ = {
			isa = XCBuildConfiguration;
			buildSettings = {
				ASSETCATALOG_COMPILER_APPICON_NAME = AppIcon;
				ASSETCATALOG_COMPILER_GLOBAL_ACCENT_COLOR_NAME = AccentColor;
				CODE_SIGN_STYLE = Automatic;
				CURRENT_PROJECT_VERSION = 1;
				DEVELOPMENT_ASSET_PATHS = "\"ChatUI/Preview Content\"";
				DEVELOPMENT_TEAM = 7C9772Q56V;
				ENABLE_PREVIEWS = YES;
				GENERATE_INFOPLIST_FILE = YES;
				INFOPLIST_KEY_UIApplicationSceneManifest_Generation = YES;
				INFOPLIST_KEY_UIApplicationSupportsIndirectInputEvents = YES;
				INFOPLIST_KEY_UILaunchScreen_Generation = YES;
				INFOPLIST_KEY_UISupportedInterfaceOrientations_iPad = "UIInterfaceOrientationPortrait UIInterfaceOrientationPortraitUpsideDown UIInterfaceOrientationLandscapeLeft UIInterfaceOrientationLandscapeRight";
				INFOPLIST_KEY_UISupportedInterfaceOrientations_iPhone = "UIInterfaceOrientationPortrait UIInterfaceOrientationLandscapeLeft UIInterfaceOrientationLandscapeRight";
				IPHONEOS_DEPLOYMENT_TARGET = 15.0;
				LD_RUNPATH_SEARCH_PATHS = (
					"$(inherited)",
					"@executable_path/Frameworks",
				);
				MARKETING_VERSION = 1.0;
				PRODUCT_BUNDLE_IDENTIFIER = com.hsb9kr.ChatUI;
				PRODUCT_NAME = "$(TARGET_NAME)";
				SWIFT_EMIT_LOC_STRINGS = YES;
				SWIFT_VERSION = 5.0;
				TARGETED_DEVICE_FAMILY = "1,2";
			};
			name = Release;
		};
/* End XCBuildConfiguration section */

/* Begin XCConfigurationList section */
		CCF38D142AA6FB32002033F6 /* Build configuration list for PBXProject "ChatUI" */ = {
			isa = XCConfigurationList;
			buildConfigurations = (
				CCF38D252AA6FB34002033F6 /* Debug */,
				CCF38D262AA6FB34002033F6 /* Release */,
			);
			defaultConfigurationIsVisible = 0;
			defaultConfigurationName = Release;
		};
		CCF38D272AA6FB34002033F6 /* Build configuration list for PBXNativeTarget "ChatUI" */ = {
			isa = XCConfigurationList;
			buildConfigurations = (
				CCF38D282AA6FB34002033F6 /* Debug */,
				CCF38D292AA6FB34002033F6 /* Release */,
			);
			defaultConfigurationIsVisible = 0;
			defaultConfigurationName = Release;
		};
/* End XCConfigurationList section */

/* Begin XCRemoteSwiftPackageReference section */
		CC24417F2AA7104900313DC6 /* XCRemoteSwiftPackageReference "SwiftUI-Introspect" */ = {
			isa = XCRemoteSwiftPackageReference;
			repositoryURL = "https://github.com/siteline/SwiftUI-Introspect";
			requirement = {
				kind = upToNextMajorVersion;
				minimumVersion = 0.11.0;
			};
		};
		CC2441822AA7166100313DC6 /* XCRemoteSwiftPackageReference "Starscream" */ = {
			isa = XCRemoteSwiftPackageReference;
			repositoryURL = "https://github.com/daltoniam/Starscream";
			requirement = {
				kind = upToNextMajorVersion;
				minimumVersion = 4.0.0;
			};
		};
		CC2441852AA716A000313DC6 /* XCRemoteSwiftPackageReference "Alamofire" */ = {
			isa = XCRemoteSwiftPackageReference;
			repositoryURL = "https://github.com/Alamofire/Alamofire";
			requirement = {
				kind = upToNextMajorVersion;
				minimumVersion = 5.0.0;
			};
		};
/* End XCRemoteSwiftPackageReference section */

/* Begin XCSwiftPackageProductDependency section */
		CC2441802AA7104900313DC6 /* SwiftUIIntrospect */ = {
			isa = XCSwiftPackageProductDependency;
			package = CC24417F2AA7104900313DC6 /* XCRemoteSwiftPackageReference "SwiftUI-Introspect" */;
			productName = SwiftUIIntrospect;
		};
		CC2441832AA7166100313DC6 /* Starscream */ = {
			isa = XCSwiftPackageProductDependency;
			package = CC2441822AA7166100313DC6 /* XCRemoteSwiftPackageReference "Starscream" */;
			productName = Starscream;
		};
		CC2441862AA716A000313DC6 /* Alamofire */ = {
			isa = XCSwiftPackageProductDependency;
			package = CC2441852AA716A000313DC6 /* XCRemoteSwiftPackageReference "Alamofire" */;
			productName = Alamofire;
		};
/* End XCSwiftPackageProductDependency section */
	};
	rootObject = CCF38D112AA6FB32002033F6 /* Project object */;
}
